
Microsoft Visual Studio Solution File, Format Version 12.00
# Visual Studio 14
VisualStudioVersion = 14.0.25420.1
MinimumVisualStudioVersion = 10.0.40219.1
Project("{FAE04EC0-301F-11D3-BF4B-00C04F79EFBC}") = "Ocp", "Ocp\Ocp.csproj", "{30190A03-5C15-4116-A080-4611A9D16A91}"
EndProject
Project("{2150E333-8FDC-42A3-9474-1A3956D46DE8}") = "2. Open Closed", "2. Open Closed", "{8A14E777-2D5A-4C4C-99C6-DA61F5254EE3}"
EndProject
Project("{FAE04EC0-301F-11D3-BF4B-00C04F79EFBC}") = "Ocp2", "Ocp2\Ocp2.csproj", "{7C3D3A7F-CA94-4FA5-BC14-03AC98165100}"
EndProject
Project("{2150E333-8FDC-42A3-9474-1A3956D46DE8}") = "1. Single Reponsibility", "1. Single Reponsibility", "{D3569B12-DD58-440A-B191-C646E303C8EB}"
EndProject
Project("{2150E333-8FDC-42A3-9474-1A3956D46DE8}") = "3. Liskov Substitution", "3. Liskov Substitution", "{3F68AB89-158F-4003-9134-8F717A08BF12}"
EndProject
Project("{FAE04EC0-301F-11D3-BF4B-00C04F79EFBC}") = "Lsp", "Lsp\Lsp.csproj", "{11FA8221-7B9C-4D5A-B499-F370CDAFE1B5}"
EndProject
Project("{FAE04EC0-301F-11D3-BF4B-00C04F79EFBC}") = "Lsp2", "Lsp2\Lsp2.csproj", "{78F33781-BD73-4667-AF81-EE9BB94935B9}"
EndProject
Project("{2150E333-8FDC-42A3-9474-1A3956D46DE8}") = "4. Interface segregation", "4. Interface segregation", "{EBEC145A-F5A8-4F97-9B00-8F8B6B6DFCBE}"
EndProject
Project("{FAE04EC0-301F-11D3-BF4B-00C04F79EFBC}") = "Isp", "Isp\Isp.csproj", "{C3BAEF5F-DF6E-47A9-9E8F-794D9BAC60DE}"
EndProject
Project("{FAE04EC0-301F-11D3-BF4B-00C04F79EFBC}") = "Srp1", "Srp1\Srp1.csproj", "{E24606C1-C00E-4ED8-B35C-F499C2706821}"
EndProject
Project("{FAE04EC0-301F-11D3-BF4B-00C04F79EFBC}") = "Srp1_After", "Srp1_After\Srp1_After.csproj", "{BF6E18F1-412F-4B32-AF67-B741C4925EC5}"
EndProject
Project("{FAE04EC0-301F-11D3-BF4B-00C04F79EFBC}") = "Ocp_Pacman", "Ocp_Pacman\Ocp_Pacman.csproj", "{1A489970-2B1F-43F1-BDC6-7F3A516B9BFD}"
EndProject
Project("{FAE04EC0-301F-11D3-BF4B-00C04F79EFBC}") = "Ocp_Pacman_After", "Ocp_Pacman_After\Ocp_Pacman_After.csproj", "{320DFAD1-C9F0-4E8C-95F9-B39F5A492339}"
EndProject
Project("{2150E333-8FDC-42A3-9474-1A3956D46DE8}") = "5. Dependency Inversion", "5. Dependency Inversion", "{DCE23862-6295-4886-BC97-8A161381AF10}"
EndProject
Project("{FAE04EC0-301F-11D3-BF4B-00C04F79EFBC}") = "Commerce", "Dip1\Commerce\Commerce.csproj", "{C1301D59-47B0-4D64-8A3C-97AC9354B845}"
EndProject
Project("{FAE04EC0-301F-11D3-BF4B-00C04F79EFBC}") = "IoCWeb", "IoCWeb\IoCWeb.csproj", "{E275AFCA-C57A-4DEB-90F9-B8004DC15AA3}"
EndProject
Project("{FAE04EC0-301F-11D3-BF4B-00C04F79EFBC}") = "Srp_Book1", "Srp_Book1\Srp_Book1.csproj", "{6E3406BC-9A0E-4B40-9CC8-871200435134}"
EndProject
Project("{FAE04EC0-301F-11D3-BF4B-00C04F79EFBC}") = "Srp_Book1_After", "Srp_Book1_After\Srp_Book1_After.csproj", "{BFDFF6E7-6E2E-4AFD-B967-2A270D803AE2}"
EndProject
Global
	GlobalSection(SolutionConfigurationPlatforms) = preSolution
		Debug|Any CPU = Debug|Any CPU
		Release|Any CPU = Release|Any CPU
	EndGlobalSection
	GlobalSection(ProjectConfigurationPlatforms) = postSolution
		{30190A03-5C15-4116-A080-4611A9D16A91}.Debug|Any CPU.ActiveCfg = Debug|Any CPU
		{30190A03-5C15-4116-A080-4611A9D16A91}.Debug|Any CPU.Build.0 = Debug|Any CPU
		{30190A03-5C15-4116-A080-4611A9D16A91}.Release|Any CPU.ActiveCfg = Release|Any CPU
		{30190A03-5C15-4116-A080-4611A9D16A91}.Release|Any CPU.Build.0 = Release|Any CPU
		{7C3D3A7F-CA94-4FA5-BC14-03AC98165100}.Debug|Any CPU.ActiveCfg = Debug|Any CPU
		{7C3D3A7F-CA94-4FA5-BC14-03AC98165100}.Debug|Any CPU.Build.0 = Debug|Any CPU
		{7C3D3A7F-CA94-4FA5-BC14-03AC98165100}.Release|Any CPU.ActiveCfg = Release|Any CPU
		{7C3D3A7F-CA94-4FA5-BC14-03AC98165100}.Release|Any CPU.Build.0 = Release|Any CPU
		{11FA8221-7B9C-4D5A-B499-F370CDAFE1B5}.Debug|Any CPU.ActiveCfg = Debug|Any CPU
		{11FA8221-7B9C-4D5A-B499-F370CDAFE1B5}.Debug|Any CPU.Build.0 = Debug|Any CPU
		{11FA8221-7B9C-4D5A-B499-F370CDAFE1B5}.Release|Any CPU.ActiveCfg = Release|Any CPU
		{11FA8221-7B9C-4D5A-B499-F370CDAFE1B5}.Release|Any CPU.Build.0 = Release|Any CPU
		{78F33781-BD73-4667-AF81-EE9BB94935B9}.Debug|Any CPU.ActiveCfg = Debug|Any CPU
		{78F33781-BD73-4667-AF81-EE9BB94935B9}.Debug|Any CPU.Build.0 = Debug|Any CPU
		{78F33781-BD73-4667-AF81-EE9BB94935B9}.Release|Any CPU.ActiveCfg = Release|Any CPU
		{78F33781-BD73-4667-AF81-EE9BB94935B9}.Release|Any CPU.Build.0 = Release|Any CPU
		{C3BAEF5F-DF6E-47A9-9E8F-794D9BAC60DE}.Debug|Any CPU.ActiveCfg = Debug|Any CPU
		{C3BAEF5F-DF6E-47A9-9E8F-794D9BAC60DE}.Debug|Any CPU.Build.0 = Debug|Any CPU
		{C3BAEF5F-DF6E-47A9-9E8F-794D9BAC60DE}.Release|Any CPU.ActiveCfg = Release|Any CPU
		{C3BAEF5F-DF6E-47A9-9E8F-794D9BAC60DE}.Release|Any CPU.Build.0 = Release|Any CPU
		{E24606C1-C00E-4ED8-B35C-F499C2706821}.Debug|Any CPU.ActiveCfg = Debug|Any CPU
		{E24606C1-C00E-4ED8-B35C-F499C2706821}.Debug|Any CPU.Build.0 = Debug|Any CPU
		{E24606C1-C00E-4ED8-B35C-F499C2706821}.Release|Any CPU.ActiveCfg = Release|Any CPU
		{E24606C1-C00E-4ED8-B35C-F499C2706821}.Release|Any CPU.Build.0 = Release|Any CPU
		{BF6E18F1-412F-4B32-AF67-B741C4925EC5}.Debug|Any CPU.ActiveCfg = Debug|Any CPU
		{BF6E18F1-412F-4B32-AF67-B741C4925EC5}.Debug|Any CPU.Build.0 = Debug|Any CPU
		{BF6E18F1-412F-4B32-AF67-B741C4925EC5}.Release|Any CPU.ActiveCfg = Release|Any CPU
		{BF6E18F1-412F-4B32-AF67-B741C4925EC5}.Release|Any CPU.Build.0 = Release|Any CPU
		{1A489970-2B1F-43F1-BDC6-7F3A516B9BFD}.Debug|Any CPU.ActiveCfg = Debug|Any CPU
		{1A489970-2B1F-43F1-BDC6-7F3A516B9BFD}.Debug|Any CPU.Build.0 = Debug|Any CPU
		{1A489970-2B1F-43F1-BDC6-7F3A516B9BFD}.Release|Any CPU.ActiveCfg = Release|Any CPU
		{1A489970-2B1F-43F1-BDC6-7F3A516B9BFD}.Release|Any CPU.Build.0 = Release|Any CPU
		{320DFAD1-C9F0-4E8C-95F9-B39F5A492339}.Debug|Any CPU.ActiveCfg = Debug|Any CPU
		{320DFAD1-C9F0-4E8C-95F9-B39F5A492339}.Debug|Any CPU.Build.0 = Debug|Any CPU
		{320DFAD1-C9F0-4E8C-95F9-B39F5A492339}.Release|Any CPU.ActiveCfg = Release|Any CPU
		{320DFAD1-C9F0-4E8C-95F9-B39F5A492339}.Release|Any CPU.Build.0 = Release|Any CPU
		{C1301D59-47B0-4D64-8A3C-97AC9354B845}.Debug|Any CPU.ActiveCfg = Debug|Any CPU
		{C1301D59-47B0-4D64-8A3C-97AC9354B845}.Debug|Any CPU.Build.0 = Debug|Any CPU
		{C1301D59-47B0-4D64-8A3C-97AC9354B845}.Release|Any CPU.ActiveCfg = Release|Any CPU
		{C1301D59-47B0-4D64-8A3C-97AC9354B845}.Release|Any CPU.Build.0 = Release|Any CPU
		{E275AFCA-C57A-4DEB-90F9-B8004DC15AA3}.Debug|Any CPU.ActiveCfg = Debug|Any CPU
		{E275AFCA-C57A-4DEB-90F9-B8004DC15AA3}.Debug|Any CPU.Build.0 = Debug|Any CPU
		{E275AFCA-C57A-4DEB-90F9-B8004DC15AA3}.Release|Any CPU.ActiveCfg = Release|Any CPU
		{E275AFCA-C57A-4DEB-90F9-B8004DC15AA3}.Release|Any CPU.Build.0 = Release|Any CPU
		{6E3406BC-9A0E-4B40-9CC8-871200435134}.Debug|Any CPU.ActiveCfg = Debug|Any CPU
		{6E3406BC-9A0E-4B40-9CC8-871200435134}.Debug|Any CPU.Build.0 = Debug|Any CPU
		{6E3406BC-9A0E-4B40-9CC8-871200435134}.Release|Any CPU.ActiveCfg = Release|Any CPU
		{6E3406BC-9A0E-4B40-9CC8-871200435134}.Release|Any CPU.Build.0 = Release|Any CPU
		{BFDFF6E7-6E2E-4AFD-B967-2A270D803AE2}.Debug|Any CPU.ActiveCfg = Debug|Any CPU
		{BFDFF6E7-6E2E-4AFD-B967-2A270D803AE2}.Debug|Any CPU.Build.0 = Debug|Any CPU
		{BFDFF6E7-6E2E-4AFD-B967-2A270D803AE2}.Release|Any CPU.ActiveCfg = Release|Any CPU
		{BFDFF6E7-6E2E-4AFD-B967-2A270D803AE2}.Release|Any CPU.Build.0 = Release|Any CPU
	EndGlobalSection
	GlobalSection(SolutionProperties) = preSolution
		HideSolutionNode = FALSE
	EndGlobalSection
	GlobalSection(NestedProjects) = preSolution
		{30190A03-5C15-4116-A080-4611A9D16A91} = {8A14E777-2D5A-4C4C-99C6-DA61F5254EE3}
		{7C3D3A7F-CA94-4FA5-BC14-03AC98165100} = {8A14E777-2D5A-4C4C-99C6-DA61F5254EE3}
		{11FA8221-7B9C-4D5A-B499-F370CDAFE1B5} = {3F68AB89-158F-4003-9134-8F717A08BF12}
		{78F33781-BD73-4667-AF81-EE9BB94935B9} = {3F68AB89-158F-4003-9134-8F717A08BF12}
		{C3BAEF5F-DF6E-47A9-9E8F-794D9BAC60DE} = {EBEC145A-F5A8-4F97-9B00-8F8B6B6DFCBE}
		{E24606C1-C00E-4ED8-B35C-F499C2706821} = {D3569B12-DD58-440A-B191-C646E303C8EB}
		{BF6E18F1-412F-4B32-AF67-B741C4925EC5} = {D3569B12-DD58-440A-B191-C646E303C8EB}
		{1A489970-2B1F-43F1-BDC6-7F3A516B9BFD} = {8A14E777-2D5A-4C4C-99C6-DA61F5254EE3}
		{320DFAD1-C9F0-4E8C-95F9-B39F5A492339} = {8A14E777-2D5A-4C4C-99C6-DA61F5254EE3}
		{C1301D59-47B0-4D64-8A3C-97AC9354B845} = {DCE23862-6295-4886-BC97-8A161381AF10}
		{E275AFCA-C57A-4DEB-90F9-B8004DC15AA3} = {DCE23862-6295-4886-BC97-8A161381AF10}
		{6E3406BC-9A0E-4B40-9CC8-871200435134} = {D3569B12-DD58-440A-B191-C646E303C8EB}
		{BFDFF6E7-6E2E-4AFD-B967-2A270D803AE2} = {D3569B12-DD58-440A-B191-C646E303C8EB}
	EndGlobalSection
EndGlobal
